{
  "name": "mlx-tools",
  "lockfileVersion": 3,
  "requires": true,
  "packages": {
    "": {
      "dependencies": {
        "opencode-lmstudio": "^0.3.0"
      }
    },
    "node_modules/@opencode-ai/plugin": {
      "version": "1.2.11",
      "resolved": "https://registry.npmjs.org/@opencode-ai/plugin/-/plugin-1.2.11.tgz",
      "integrity": "sha512-84yjouG21IknKXjoygRPy/2Owm2WiEZPwfXDbdYtzzOqFAR8MDj6rz9RU/JqoJMXY/s/0oaEtR5Si3OV5Yo6kg==",
      "license": "MIT",
      "dependencies": {
        "@opencode-ai/sdk": "1.2.11",
        "zod": "4.1.8"
      }
    },
    "node_modules/@opencode-ai/sdk": {
      "version": "1.2.11",
      "resolved": "https://registry.npmjs.org/@opencode-ai/sdk/-/sdk-1.2.11.tgz",
      "integrity": "sha512-oXSgZCa+66IL9AIWYT8yKZZJOSjEZpLGWue64RD/nWj1EFMHJVPldm4QFQr1nIPd43zl1Bli1mBV2KNuA+bsiA==",
      "license": "MIT"
    },
    "node_modules/opencode-lmstudio": {
      "version": "0.3.0",
      "resolved": "https://registry.npmjs.org/opencode-lmstudio/-/opencode-lmstudio-0.3.0.tgz",
      "integrity": "sha512-02jMGle3NBU3DeXDFlLqAvqbhZuREPhLoHf4Tp1lA63ZILhCXICLUc1Fk0TwQbEg2VhgwvF1hG1PllfWBnOQ9A==",
      "license": "MIT",
      "dependencies": {
        "@opencode-ai/plugin": "^1.0.166"
      }
    },
    "node_modules/zod": {
      "version": "4.1.8",
      "resolved": "https://registry.npmjs.org/zod/-/zod-4.1.8.tgz",
      "integrity": "sha512-5R1P+WwQqmmMIEACyzSvo4JXHY5WiAFHRMg+zBZKgKS+Q1viRa0C1hmUKtHltoIFKtIdki3pRxkmpP74jnNYHQ==",
      "license": "MIT",
      "funding": {
        "url": "https://github.com/sponsors/colinhacks"
      }
    }
  }
}
